
Microsoft Visual Studio Solution File, Format Version 12.00
Project("{2150E333-8FDC-42A3-9474-1A3956D46DE8}") = "src", "src", "{54FEF2C8-F166-4D70-9757-1FB6C94CFECA}"
EndProject
Project("{2150E333-8FDC-42A3-9474-1A3956D46DE8}") = "tests", "tests", "{D9539127-BE52-4060-90E4-12F942A3B996}"
EndProject
Project("{2150E333-8FDC-42A3-9474-1A3956D46DE8}") = "Core", "Core", "{5A606FA2-138D-4688-99DB-BEBD4C7EFE16}"
EndProject
Project("{2150E333-8FDC-42A3-9474-1A3956D46DE8}") = "Infrastructure", "Infrastructure", "{BE427F2B-BC87-44E7-A3CB-0DB0A6EDF160}"
EndProject
Project("{2150E333-8FDC-42A3-9474-1A3956D46DE8}") = "Presentation", "Presentation", "{0D50194F-AD5F-4598-8496-6A4D0D0550B4}"
EndProject
Project("{FAE04EC0-301F-11D3-BF4B-00C04F79EFBC}") = "InstagramClone.API", "src\Presentation\InstagramClone.API\InstagramClone.API.csproj", "{3F251A65-3B2F-435B-8A14-3F6ED1377793}"
EndProject
Project("{FAE04EC0-301F-11D3-BF4B-00C04F79EFBC}") = "InstagramClone.Tests", "tests\InstagramClone.Tests\InstagramClone.Tests.csproj", "{2AED13E4-B42E-4FAF-95C8-025174B1FC5E}"
EndProject
Project("{FAE04EC0-301F-11D3-BF4B-00C04F79EFBC}") = "InstagramClone.Domain", "src\Core\InstagramClone.Domain\InstagramClone.Domain.csproj", "{1CB5F0A1-4462-423A-9897-D27F68F0E774}"
EndProject
Project("{FAE04EC0-301F-11D3-BF4B-00C04F79EFBC}") = "InstagramClone.Application", "src\Core\InstagramClone.Application\InstagramClone.Application.csproj", "{2239AC0A-77BF-40C3-8634-032845C58AC2}"
EndProject
Project("{FAE04EC0-301F-11D3-BF4B-00C04F79EFBC}") = "InstagramClone.Infrastructure", "src\Infrastructure\InstagramClone.Infrastructure\InstagramClone.Infrastructure.csproj", "{4EB74101-4BB8-4134-9D44-7B39E7D49857}"
EndProject
Project("{FAE04EC0-301F-11D3-BF4B-00C04F79EFBC}") = "InstagramClone.Persistence", "src\Infrastructure\InstagramClone.Persistence\InstagramClone.Persistence.csproj", "{C230F134-2C64-4C46-9AE2-4F4F680CDF46}"
EndProject
Global
	GlobalSection(SolutionConfigurationPlatforms) = preSolution
		Debug|Any CPU = Debug|Any CPU
		Release|Any CPU = Release|Any CPU
	EndGlobalSection
	GlobalSection(NestedProjects) = preSolution
		{5A606FA2-138D-4688-99DB-BEBD4C7EFE16} = {54FEF2C8-F166-4D70-9757-1FB6C94CFECA}
		{BE427F2B-BC87-44E7-A3CB-0DB0A6EDF160} = {54FEF2C8-F166-4D70-9757-1FB6C94CFECA}
		{0D50194F-AD5F-4598-8496-6A4D0D0550B4} = {54FEF2C8-F166-4D70-9757-1FB6C94CFECA}
		{3F251A65-3B2F-435B-8A14-3F6ED1377793} = {0D50194F-AD5F-4598-8496-6A4D0D0550B4}
		{2AED13E4-B42E-4FAF-95C8-025174B1FC5E} = {D9539127-BE52-4060-90E4-12F942A3B996}
		{1CB5F0A1-4462-423A-9897-D27F68F0E774} = {5A606FA2-138D-4688-99DB-BEBD4C7EFE16}
		{2239AC0A-77BF-40C3-8634-032845C58AC2} = {5A606FA2-138D-4688-99DB-BEBD4C7EFE16}
		{4EB74101-4BB8-4134-9D44-7B39E7D49857} = {BE427F2B-BC87-44E7-A3CB-0DB0A6EDF160}
		{C230F134-2C64-4C46-9AE2-4F4F680CDF46} = {BE427F2B-BC87-44E7-A3CB-0DB0A6EDF160}
	EndGlobalSection
	GlobalSection(ProjectConfigurationPlatforms) = postSolution
		{3F251A65-3B2F-435B-8A14-3F6ED1377793}.Debug|Any CPU.ActiveCfg = Debug|Any CPU
		{3F251A65-3B2F-435B-8A14-3F6ED1377793}.Debug|Any CPU.Build.0 = Debug|Any CPU
		{3F251A65-3B2F-435B-8A14-3F6ED1377793}.Release|Any CPU.ActiveCfg = Release|Any CPU
		{3F251A65-3B2F-435B-8A14-3F6ED1377793}.Release|Any CPU.Build.0 = Release|Any CPU
		{2AED13E4-B42E-4FAF-95C8-025174B1FC5E}.Debug|Any CPU.ActiveCfg = Debug|Any CPU
		{2AED13E4-B42E-4FAF-95C8-025174B1FC5E}.Debug|Any CPU.Build.0 = Debug|Any CPU
		{2AED13E4-B42E-4FAF-95C8-025174B1FC5E}.Release|Any CPU.ActiveCfg = Release|Any CPU
		{2AED13E4-B42E-4FAF-95C8-025174B1FC5E}.Release|Any CPU.Build.0 = Release|Any CPU
		{1CB5F0A1-4462-423A-9897-D27F68F0E774}.Debug|Any CPU.ActiveCfg = Debug|Any CPU
		{1CB5F0A1-4462-423A-9897-D27F68F0E774}.Debug|Any CPU.Build.0 = Debug|Any CPU
		{1CB5F0A1-4462-423A-9897-D27F68F0E774}.Release|Any CPU.ActiveCfg = Release|Any CPU
		{1CB5F0A1-4462-423A-9897-D27F68F0E774}.Release|Any CPU.Build.0 = Release|Any CPU
		{2239AC0A-77BF-40C3-8634-032845C58AC2}.Debug|Any CPU.ActiveCfg = Debug|Any CPU
		{2239AC0A-77BF-40C3-8634-032845C58AC2}.Debug|Any CPU.Build.0 = Debug|Any CPU
		{2239AC0A-77BF-40C3-8634-032845C58AC2}.Release|Any CPU.ActiveCfg = Release|Any CPU
		{2239AC0A-77BF-40C3-8634-032845C58AC2}.Release|Any CPU.Build.0 = Release|Any CPU
		{4EB74101-4BB8-4134-9D44-7B39E7D49857}.Debug|Any CPU.ActiveCfg = Debug|Any CPU
		{4EB74101-4BB8-4134-9D44-7B39E7D49857}.Debug|Any CPU.Build.0 = Debug|Any CPU
		{4EB74101-4BB8-4134-9D44-7B39E7D49857}.Release|Any CPU.ActiveCfg = Release|Any CPU
		{4EB74101-4BB8-4134-9D44-7B39E7D49857}.Release|Any CPU.Build.0 = Release|Any CPU
		{C230F134-2C64-4C46-9AE2-4F4F680CDF46}.Debug|Any CPU.ActiveCfg = Debug|Any CPU
		{C230F134-2C64-4C46-9AE2-4F4F680CDF46}.Debug|Any CPU.Build.0 = Debug|Any CPU
		{C230F134-2C64-4C46-9AE2-4F4F680CDF46}.Release|Any CPU.ActiveCfg = Release|Any CPU
		{C230F134-2C64-4C46-9AE2-4F4F680CDF46}.Release|Any CPU.Build.0 = Release|Any CPU
	EndGlobalSection
EndGlobal
